
Microsoft Visual Studio Solution File, Format Version 12.00
# Visual Studio 15
VisualStudioVersion = 15.0.34112.143
MinimumVisualStudioVersion = 10.0.40219.1
Project("{8BC9CEB8-8B4A-11D0-8D11-00A0C91BC942}") = "3.33", "3.33\3.33.vcxproj", "{99A6DDCC-3C4C-4DAB-A353-E3913258AFAC}"
EndProject
Global
	GlobalSection(SolutionConfigurationPlatforms) = preSolution
		Debug|x64 = Debug|x64
		Debug|x86 = Debug|x86
		Release|x64 = Release|x64
		Release|x86 = Release|x86
	EndGlobalSection
	GlobalSection(ProjectConfigurationPlatforms) = postSolution
		{99A6DDCC-3C4C-4DAB-A353-E3913258AFAC}.Debug|x64.ActiveCfg = Debug|x64
		{99A6DDCC-3C4C-4DAB-A353-E3913258AFAC}.Debug|x64.Build.0 = Debug|x64
		{99A6DDCC-3C4C-4DAB-A353-E3913258AFAC}.Debug|x86.ActiveCfg = Debug|Win32
		{99A6DDCC-3C4C-4DAB-A353-E3913258AFAC}.Debug|x86.Build.0 = Debug|Win32
		{99A6DDCC-3C4C-4DAB-A353-E3913258AFAC}.Release|x64.ActiveCfg = Release|x64
		{99A6DDCC-3C4C-4DAB-A353-E3913258AFAC}.Release|x64.Build.0 = Release|x64
		{99A6DDCC-3C4C-4DAB-A353-E3913258AFAC}.Release|x86.ActiveCfg = Release|Win32
		{99A6DDCC-3C4C-4DAB-A353-E3913258AFAC}.Release|x86.Build.0 = Release|Win32
	EndGlobalSection
	GlobalSection(SolutionProperties) = preSolution
		HideSolutionNode = FALSE
	EndGlobalSection
	GlobalSection(ExtensibilityGlobals) = postSolution
		SolutionGuid = {FBEDC03F-26C8-4233-8BEE-29A7849E1E4D}
	EndGlobalSection
EndGlobal
